
Microsoft Visual Studio Solution File, Format Version 12.00
# Visual Studio Version 17
VisualStudioVersion = 17.5.002.0
MinimumVisualStudioVersion = 10.0.40219.1
Project("{2150E333-8FDC-42A3-9474-1A3956D46DE8}") = "Nivel 1", "Nivel 1", "{FAD65B4A-5491-4E76-BC91-3F8D0A5E94AB}"
EndProject
Project("{2150E333-8FDC-42A3-9474-1A3956D46DE8}") = "1-Primeros programas", "1-Primeros programas", "{D357005E-5464-4E30-B379-8ABDF2CD029F}"
EndProject
Project("{9A19103F-16F7-4668-BE54-9A1E7A4F7556}") = "ejercicio1", "Nivel 1\1-Primeros programas\ejercicio1\ejercicio1.csproj", "{89F01A1D-E048-4191-B7DF-193C525A4B06}"
EndProject
Project("{9A19103F-16F7-4668-BE54-9A1E7A4F7556}") = "ejercicio2", "Nivel 1\1-Primeros programas\ejercicio2\ejercicio2.csproj", "{579A0C5F-B02D-47D1-9F97-8354353FD9CF}"
EndProject
Project("{9A19103F-16F7-4668-BE54-9A1E7A4F7556}") = "ejercicio3", "Nivel 1\1-Primeros programas\ejercicio3\ejercicio3.csproj", "{ACF73C0D-3DD2-427D-BD0D-3D1C97475AD2}"
EndProject
Project("{9A19103F-16F7-4668-BE54-9A1E7A4F7556}") = "ejercicio4", "Nivel 1\1-Primeros programas\ejercicio4\ejercicio4.csproj", "{DBFBC434-E165-4127-82E3-1C705ED1DD5F}"
EndProject
Project("{9A19103F-16F7-4668-BE54-9A1E7A4F7556}") = "ejercicio5", "Nivel 1\1-Primeros programas\ejercicio5\ejercicio5.csproj", "{7EB9266A-6AAA-4208-8E44-36328D922F2B}"
EndProject
Project("{2150E333-8FDC-42A3-9474-1A3956D46DE8}") = "2-Condicionales", "2-Condicionales", "{F3D0FF7D-B1DD-4CCF-A749-8E3AD6526FB8}"
EndProject
Project("{9A19103F-16F7-4668-BE54-9A1E7A4F7556}") = "ejercicio1", "Nivel 1\2-Condicionales\ejercicio1\ejercicio1.csproj", "{784AF998-204C-4084-B8BD-998E2FF76A0F}"
EndProject
Project("{9A19103F-16F7-4668-BE54-9A1E7A4F7556}") = "ejercicio2", "Nivel 1\2-Condicionales\ejercicio2\ejercicio2.csproj", "{B9A8AD0A-2704-4F2F-BE48-D1CEFD8A7670}"
EndProject
Project("{9A19103F-16F7-4668-BE54-9A1E7A4F7556}") = "ejercicio3", "Nivel 1\2-Condicionales\ejercicio3\ejercicio3.csproj", "{29BE0B95-883E-4272-B764-09493D225994}"
EndProject
Project("{9A19103F-16F7-4668-BE54-9A1E7A4F7556}") = "ejercicio4", "Nivel 1\2-Condicionales\ejercicio4\ejercicio4.csproj", "{4ED21026-6E15-4F95-B5DD-92E6B1EBC552}"
EndProject
Project("{9A19103F-16F7-4668-BE54-9A1E7A4F7556}") = "ejercicio5", "Nivel 1\2-Condicionales\ejercicio5\ejercicio5.csproj", "{A93A9345-736B-4440-8A16-D71F499AC9B0}"
EndProject
Project("{2150E333-8FDC-42A3-9474-1A3956D46DE8}") = "3-Condicionales2", "3-Condicionales2", "{03AA1305-8A8D-4F7C-B5F9-8068F0EDDEB7}"
EndProject
Project("{9A19103F-16F7-4668-BE54-9A1E7A4F7556}") = "ejercicio1", "Nivel 1\3-Condicionales2\ejercicio1\ejercicio1.csproj", "{3F935150-B20C-4A19-9453-7DAD2D78B1D3}"
EndProject
Project("{9A19103F-16F7-4668-BE54-9A1E7A4F7556}") = "ejercicio2", "Nivel 1\3-Condicionales2\ejercicio2\ejercicio2.csproj", "{8D5D3557-2BDC-4926-9EEC-C55EDCFC24C0}"
EndProject
Project("{9A19103F-16F7-4668-BE54-9A1E7A4F7556}") = "ejercicio3", "Nivel 1\3-Condicionales2\ejercicio3\ejercicio3.csproj", "{0D852E83-F18A-4156-BE78-1C9723ED1012}"
EndProject
Project("{9A19103F-16F7-4668-BE54-9A1E7A4F7556}") = "ejercicio4", "Nivel 1\3-Condicionales2\ejercicio4\ejercicio4.csproj", "{57CEACDF-3CDC-4AF1-BA20-8BE8494E6B00}"
EndProject
Project("{9A19103F-16F7-4668-BE54-9A1E7A4F7556}") = "ejercicio5", "Nivel 1\3-Condicionales2\ejercicio5\ejercicio5.csproj", "{229519A6-0525-4779-A799-28A7941DBFE6}"
EndProject
Project("{2150E333-8FDC-42A3-9474-1A3956D46DE8}") = "4-Ciclos", "4-Ciclos", "{94C370FB-8A12-439C-88AC-0756263DB364}"
EndProject
Project("{9A19103F-16F7-4668-BE54-9A1E7A4F7556}") = "ejercicio1", "Nivel 1\4-Ciclos\ejercicio1\ejercicio1.csproj", "{C33FE4EB-64C6-4973-868B-A6698B90C4E4}"
EndProject
Project("{9A19103F-16F7-4668-BE54-9A1E7A4F7556}") = "ejercicio2", "Nivel 1\4-Ciclos\ejercicio2\ejercicio2.csproj", "{D18F9AB0-BCDF-48EC-A9A6-2B9FB32946EF}"
EndProject
Project("{9A19103F-16F7-4668-BE54-9A1E7A4F7556}") = "ejercicio3", "Nivel 1\4-Ciclos\ejercicio3\ejercicio3.csproj", "{A19E182A-F5C1-43CA-85C6-1A1598BDFF67}"
EndProject
Project("{9A19103F-16F7-4668-BE54-9A1E7A4F7556}") = "ejercicio4", "Nivel 1\4-Ciclos\ejercicio4\ejercicio4.csproj", "{33E5D23A-A2AC-40F3-A6F2-B9CFC982FA5C}"
EndProject
Project("{9A19103F-16F7-4668-BE54-9A1E7A4F7556}") = "ejercicio5", "Nivel 1\4-Ciclos\ejercicio5\ejercicio5.csproj", "{75F2A5D9-A7A8-4ADC-BF37-0D0FFE030050}"
EndProject
Project("{2150E333-8FDC-42A3-9474-1A3956D46DE8}") = "5-Ciclos combinados", "5-Ciclos combinados", "{C0D02871-4FE1-44B5-BB48-AB5C36CD9784}"
EndProject
Project("{9A19103F-16F7-4668-BE54-9A1E7A4F7556}") = "ejercicio1", "Nivel 1\5-Ciclos combinados\ejercicio1\ejercicio1.csproj", "{88704BDD-86A6-4D0E-BB28-8188C802BBE6}"
EndProject
Project("{9A19103F-16F7-4668-BE54-9A1E7A4F7556}") = "ejercicio2", "Nivel 1\5-Ciclos combinados\ejercicio2\ejercicio2.csproj", "{2B17BFB8-70ED-4C5F-A418-04A2D2F8601B}"
EndProject
Project("{9A19103F-16F7-4668-BE54-9A1E7A4F7556}") = "ejercicio3", "Nivel 1\5-Ciclos combinados\ejercicio3\ejercicio3.csproj", "{5122186D-1F96-46DF-9F46-48D3532E9607}"
EndProject
Global
	GlobalSection(SolutionConfigurationPlatforms) = preSolution
		Debug|Any CPU = Debug|Any CPU
		Release|Any CPU = Release|Any CPU
	EndGlobalSection
	GlobalSection(ProjectConfigurationPlatforms) = postSolution
		{89F01A1D-E048-4191-B7DF-193C525A4B06}.Debug|Any CPU.ActiveCfg = Debug|Any CPU
		{89F01A1D-E048-4191-B7DF-193C525A4B06}.Debug|Any CPU.Build.0 = Debug|Any CPU
		{89F01A1D-E048-4191-B7DF-193C525A4B06}.Release|Any CPU.ActiveCfg = Release|Any CPU
		{89F01A1D-E048-4191-B7DF-193C525A4B06}.Release|Any CPU.Build.0 = Release|Any CPU
		{579A0C5F-B02D-47D1-9F97-8354353FD9CF}.Debug|Any CPU.ActiveCfg = Debug|Any CPU
		{579A0C5F-B02D-47D1-9F97-8354353FD9CF}.Debug|Any CPU.Build.0 = Debug|Any CPU
		{579A0C5F-B02D-47D1-9F97-8354353FD9CF}.Release|Any CPU.ActiveCfg = Release|Any CPU
		{579A0C5F-B02D-47D1-9F97-8354353FD9CF}.Release|Any CPU.Build.0 = Release|Any CPU
		{ACF73C0D-3DD2-427D-BD0D-3D1C97475AD2}.Debug|Any CPU.ActiveCfg = Debug|Any CPU
		{ACF73C0D-3DD2-427D-BD0D-3D1C97475AD2}.Debug|Any CPU.Build.0 = Debug|Any CPU
		{ACF73C0D-3DD2-427D-BD0D-3D1C97475AD2}.Release|Any CPU.ActiveCfg = Release|Any CPU
		{ACF73C0D-3DD2-427D-BD0D-3D1C97475AD2}.Release|Any CPU.Build.0 = Release|Any CPU
		{DBFBC434-E165-4127-82E3-1C705ED1DD5F}.Debug|Any CPU.ActiveCfg = Debug|Any CPU
		{DBFBC434-E165-4127-82E3-1C705ED1DD5F}.Debug|Any CPU.Build.0 = Debug|Any CPU
		{DBFBC434-E165-4127-82E3-1C705ED1DD5F}.Release|Any CPU.ActiveCfg = Release|Any CPU
		{DBFBC434-E165-4127-82E3-1C705ED1DD5F}.Release|Any CPU.Build.0 = Release|Any CPU
		{7EB9266A-6AAA-4208-8E44-36328D922F2B}.Debug|Any CPU.ActiveCfg = Debug|Any CPU
		{7EB9266A-6AAA-4208-8E44-36328D922F2B}.Debug|Any CPU.Build.0 = Debug|Any CPU
		{7EB9266A-6AAA-4208-8E44-36328D922F2B}.Release|Any CPU.ActiveCfg = Release|Any CPU
		{7EB9266A-6AAA-4208-8E44-36328D922F2B}.Release|Any CPU.Build.0 = Release|Any CPU
		{784AF998-204C-4084-B8BD-998E2FF76A0F}.Debug|Any CPU.ActiveCfg = Debug|Any CPU
		{784AF998-204C-4084-B8BD-998E2FF76A0F}.Debug|Any CPU.Build.0 = Debug|Any CPU
		{784AF998-204C-4084-B8BD-998E2FF76A0F}.Release|Any CPU.ActiveCfg = Release|Any CPU
		{784AF998-204C-4084-B8BD-998E2FF76A0F}.Release|Any CPU.Build.0 = Release|Any CPU
		{B9A8AD0A-2704-4F2F-BE48-D1CEFD8A7670}.Debug|Any CPU.ActiveCfg = Debug|Any CPU
		{B9A8AD0A-2704-4F2F-BE48-D1CEFD8A7670}.Debug|Any CPU.Build.0 = Debug|Any CPU
		{B9A8AD0A-2704-4F2F-BE48-D1CEFD8A7670}.Release|Any CPU.ActiveCfg = Release|Any CPU
		{B9A8AD0A-2704-4F2F-BE48-D1CEFD8A7670}.Release|Any CPU.Build.0 = Release|Any CPU
		{29BE0B95-883E-4272-B764-09493D225994}.Debug|Any CPU.ActiveCfg = Debug|Any CPU
		{29BE0B95-883E-4272-B764-09493D225994}.Debug|Any CPU.Build.0 = Debug|Any CPU
		{29BE0B95-883E-4272-B764-09493D225994}.Release|Any CPU.ActiveCfg = Release|Any CPU
		{29BE0B95-883E-4272-B764-09493D225994}.Release|Any CPU.Build.0 = Release|Any CPU
		{4ED21026-6E15-4F95-B5DD-92E6B1EBC552}.Debug|Any CPU.ActiveCfg = Debug|Any CPU
		{4ED21026-6E15-4F95-B5DD-92E6B1EBC552}.Debug|Any CPU.Build.0 = Debug|Any CPU
		{4ED21026-6E15-4F95-B5DD-92E6B1EBC552}.Release|Any CPU.ActiveCfg = Release|Any CPU
		{4ED21026-6E15-4F95-B5DD-92E6B1EBC552}.Release|Any CPU.Build.0 = Release|Any CPU
		{A93A9345-736B-4440-8A16-D71F499AC9B0}.Debug|Any CPU.ActiveCfg = Debug|Any CPU
		{A93A9345-736B-4440-8A16-D71F499AC9B0}.Debug|Any CPU.Build.0 = Debug|Any CPU
		{A93A9345-736B-4440-8A16-D71F499AC9B0}.Release|Any CPU.ActiveCfg = Release|Any CPU
		{A93A9345-736B-4440-8A16-D71F499AC9B0}.Release|Any CPU.Build.0 = Release|Any CPU
		{3F935150-B20C-4A19-9453-7DAD2D78B1D3}.Debug|Any CPU.ActiveCfg = Debug|Any CPU
		{3F935150-B20C-4A19-9453-7DAD2D78B1D3}.Debug|Any CPU.Build.0 = Debug|Any CPU
		{3F935150-B20C-4A19-9453-7DAD2D78B1D3}.Release|Any CPU.ActiveCfg = Release|Any CPU
		{3F935150-B20C-4A19-9453-7DAD2D78B1D3}.Release|Any CPU.Build.0 = Release|Any CPU
		{8D5D3557-2BDC-4926-9EEC-C55EDCFC24C0}.Debug|Any CPU.ActiveCfg = Debug|Any CPU
		{8D5D3557-2BDC-4926-9EEC-C55EDCFC24C0}.Debug|Any CPU.Build.0 = Debug|Any CPU
		{8D5D3557-2BDC-4926-9EEC-C55EDCFC24C0}.Release|Any CPU.ActiveCfg = Release|Any CPU
		{8D5D3557-2BDC-4926-9EEC-C55EDCFC24C0}.Release|Any CPU.Build.0 = Release|Any CPU
		{0D852E83-F18A-4156-BE78-1C9723ED1012}.Debug|Any CPU.ActiveCfg = Debug|Any CPU
		{0D852E83-F18A-4156-BE78-1C9723ED1012}.Debug|Any CPU.Build.0 = Debug|Any CPU
		{0D852E83-F18A-4156-BE78-1C9723ED1012}.Release|Any CPU.ActiveCfg = Release|Any CPU
		{0D852E83-F18A-4156-BE78-1C9723ED1012}.Release|Any CPU.Build.0 = Release|Any CPU
		{57CEACDF-3CDC-4AF1-BA20-8BE8494E6B00}.Debug|Any CPU.ActiveCfg = Debug|Any CPU
		{57CEACDF-3CDC-4AF1-BA20-8BE8494E6B00}.Debug|Any CPU.Build.0 = Debug|Any CPU
		{57CEACDF-3CDC-4AF1-BA20-8BE8494E6B00}.Release|Any CPU.ActiveCfg = Release|Any CPU
		{57CEACDF-3CDC-4AF1-BA20-8BE8494E6B00}.Release|Any CPU.Build.0 = Release|Any CPU
		{229519A6-0525-4779-A799-28A7941DBFE6}.Debug|Any CPU.ActiveCfg = Debug|Any CPU
		{229519A6-0525-4779-A799-28A7941DBFE6}.Debug|Any CPU.Build.0 = Debug|Any CPU
		{229519A6-0525-4779-A799-28A7941DBFE6}.Release|Any CPU.ActiveCfg = Release|Any CPU
		{229519A6-0525-4779-A799-28A7941DBFE6}.Release|Any CPU.Build.0 = Release|Any CPU
		{C33FE4EB-64C6-4973-868B-A6698B90C4E4}.Debug|Any CPU.ActiveCfg = Debug|Any CPU
		{C33FE4EB-64C6-4973-868B-A6698B90C4E4}.Debug|Any CPU.Build.0 = Debug|Any CPU
		{C33FE4EB-64C6-4973-868B-A6698B90C4E4}.Release|Any CPU.ActiveCfg = Release|Any CPU
		{C33FE4EB-64C6-4973-868B-A6698B90C4E4}.Release|Any CPU.Build.0 = Release|Any CPU
		{D18F9AB0-BCDF-48EC-A9A6-2B9FB32946EF}.Debug|Any CPU.ActiveCfg = Debug|Any CPU
		{D18F9AB0-BCDF-48EC-A9A6-2B9FB32946EF}.Debug|Any CPU.Build.0 = Debug|Any CPU
		{D18F9AB0-BCDF-48EC-A9A6-2B9FB32946EF}.Release|Any CPU.ActiveCfg = Release|Any CPU
		{D18F9AB0-BCDF-48EC-A9A6-2B9FB32946EF}.Release|Any CPU.Build.0 = Release|Any CPU
		{A19E182A-F5C1-43CA-85C6-1A1598BDFF67}.Debug|Any CPU.ActiveCfg = Debug|Any CPU
		{A19E182A-F5C1-43CA-85C6-1A1598BDFF67}.Debug|Any CPU.Build.0 = Debug|Any CPU
		{A19E182A-F5C1-43CA-85C6-1A1598BDFF67}.Release|Any CPU.ActiveCfg = Release|Any CPU
		{A19E182A-F5C1-43CA-85C6-1A1598BDFF67}.Release|Any CPU.Build.0 = Release|Any CPU
		{33E5D23A-A2AC-40F3-A6F2-B9CFC982FA5C}.Debug|Any CPU.ActiveCfg = Debug|Any CPU
		{33E5D23A-A2AC-40F3-A6F2-B9CFC982FA5C}.Debug|Any CPU.Build.0 = Debug|Any CPU
		{33E5D23A-A2AC-40F3-A6F2-B9CFC982FA5C}.Release|Any CPU.ActiveCfg = Release|Any CPU
		{33E5D23A-A2AC-40F3-A6F2-B9CFC982FA5C}.Release|Any CPU.Build.0 = Release|Any CPU
		{75F2A5D9-A7A8-4ADC-BF37-0D0FFE030050}.Debug|Any CPU.ActiveCfg = Debug|Any CPU
		{75F2A5D9-A7A8-4ADC-BF37-0D0FFE030050}.Debug|Any CPU.Build.0 = Debug|Any CPU
		{75F2A5D9-A7A8-4ADC-BF37-0D0FFE030050}.Release|Any CPU.ActiveCfg = Release|Any CPU
		{75F2A5D9-A7A8-4ADC-BF37-0D0FFE030050}.Release|Any CPU.Build.0 = Release|Any CPU
		{88704BDD-86A6-4D0E-BB28-8188C802BBE6}.Debug|Any CPU.ActiveCfg = Debug|Any CPU
		{88704BDD-86A6-4D0E-BB28-8188C802BBE6}.Debug|Any CPU.Build.0 = Debug|Any CPU
		{88704BDD-86A6-4D0E-BB28-8188C802BBE6}.Release|Any CPU.ActiveCfg = Release|Any CPU
		{88704BDD-86A6-4D0E-BB28-8188C802BBE6}.Release|Any CPU.Build.0 = Release|Any CPU
		{2B17BFB8-70ED-4C5F-A418-04A2D2F8601B}.Debug|Any CPU.ActiveCfg = Debug|Any CPU
		{2B17BFB8-70ED-4C5F-A418-04A2D2F8601B}.Debug|Any CPU.Build.0 = Debug|Any CPU
		{2B17BFB8-70ED-4C5F-A418-04A2D2F8601B}.Release|Any CPU.ActiveCfg = Release|Any CPU
		{2B17BFB8-70ED-4C5F-A418-04A2D2F8601B}.Release|Any CPU.Build.0 = Release|Any CPU
		{5122186D-1F96-46DF-9F46-48D3532E9607}.Debug|Any CPU.ActiveCfg = Debug|Any CPU
		{5122186D-1F96-46DF-9F46-48D3532E9607}.Debug|Any CPU.Build.0 = Debug|Any CPU
		{5122186D-1F96-46DF-9F46-48D3532E9607}.Release|Any CPU.ActiveCfg = Release|Any CPU
		{5122186D-1F96-46DF-9F46-48D3532E9607}.Release|Any CPU.Build.0 = Release|Any CPU
	EndGlobalSection
	GlobalSection(SolutionProperties) = preSolution
		HideSolutionNode = FALSE
	EndGlobalSection
	GlobalSection(NestedProjects) = preSolution
		{D357005E-5464-4E30-B379-8ABDF2CD029F} = {FAD65B4A-5491-4E76-BC91-3F8D0A5E94AB}
		{89F01A1D-E048-4191-B7DF-193C525A4B06} = {D357005E-5464-4E30-B379-8ABDF2CD029F}
		{579A0C5F-B02D-47D1-9F97-8354353FD9CF} = {D357005E-5464-4E30-B379-8ABDF2CD029F}
		{ACF73C0D-3DD2-427D-BD0D-3D1C97475AD2} = {D357005E-5464-4E30-B379-8ABDF2CD029F}
		{DBFBC434-E165-4127-82E3-1C705ED1DD5F} = {D357005E-5464-4E30-B379-8ABDF2CD029F}
		{7EB9266A-6AAA-4208-8E44-36328D922F2B} = {D357005E-5464-4E30-B379-8ABDF2CD029F}
		{F3D0FF7D-B1DD-4CCF-A749-8E3AD6526FB8} = {FAD65B4A-5491-4E76-BC91-3F8D0A5E94AB}
		{784AF998-204C-4084-B8BD-998E2FF76A0F} = {F3D0FF7D-B1DD-4CCF-A749-8E3AD6526FB8}
		{B9A8AD0A-2704-4F2F-BE48-D1CEFD8A7670} = {F3D0FF7D-B1DD-4CCF-A749-8E3AD6526FB8}
		{29BE0B95-883E-4272-B764-09493D225994} = {F3D0FF7D-B1DD-4CCF-A749-8E3AD6526FB8}
		{4ED21026-6E15-4F95-B5DD-92E6B1EBC552} = {F3D0FF7D-B1DD-4CCF-A749-8E3AD6526FB8}
		{A93A9345-736B-4440-8A16-D71F499AC9B0} = {F3D0FF7D-B1DD-4CCF-A749-8E3AD6526FB8}
		{03AA1305-8A8D-4F7C-B5F9-8068F0EDDEB7} = {FAD65B4A-5491-4E76-BC91-3F8D0A5E94AB}
		{3F935150-B20C-4A19-9453-7DAD2D78B1D3} = {03AA1305-8A8D-4F7C-B5F9-8068F0EDDEB7}
		{8D5D3557-2BDC-4926-9EEC-C55EDCFC24C0} = {03AA1305-8A8D-4F7C-B5F9-8068F0EDDEB7}
		{0D852E83-F18A-4156-BE78-1C9723ED1012} = {03AA1305-8A8D-4F7C-B5F9-8068F0EDDEB7}
		{57CEACDF-3CDC-4AF1-BA20-8BE8494E6B00} = {03AA1305-8A8D-4F7C-B5F9-8068F0EDDEB7}
		{229519A6-0525-4779-A799-28A7941DBFE6} = {03AA1305-8A8D-4F7C-B5F9-8068F0EDDEB7}
		{94C370FB-8A12-439C-88AC-0756263DB364} = {FAD65B4A-5491-4E76-BC91-3F8D0A5E94AB}
		{C33FE4EB-64C6-4973-868B-A6698B90C4E4} = {94C370FB-8A12-439C-88AC-0756263DB364}
		{D18F9AB0-BCDF-48EC-A9A6-2B9FB32946EF} = {94C370FB-8A12-439C-88AC-0756263DB364}
		{A19E182A-F5C1-43CA-85C6-1A1598BDFF67} = {94C370FB-8A12-439C-88AC-0756263DB364}
		{33E5D23A-A2AC-40F3-A6F2-B9CFC982FA5C} = {94C370FB-8A12-439C-88AC-0756263DB364}
		{75F2A5D9-A7A8-4ADC-BF37-0D0FFE030050} = {94C370FB-8A12-439C-88AC-0756263DB364}
		{C0D02871-4FE1-44B5-BB48-AB5C36CD9784} = {FAD65B4A-5491-4E76-BC91-3F8D0A5E94AB}
		{88704BDD-86A6-4D0E-BB28-8188C802BBE6} = {C0D02871-4FE1-44B5-BB48-AB5C36CD9784}
		{2B17BFB8-70ED-4C5F-A418-04A2D2F8601B} = {C0D02871-4FE1-44B5-BB48-AB5C36CD9784}
		{5122186D-1F96-46DF-9F46-48D3532E9607} = {C0D02871-4FE1-44B5-BB48-AB5C36CD9784}
	EndGlobalSection
	GlobalSection(ExtensibilityGlobals) = postSolution
		SolutionGuid = {EE0BF0E2-5D1C-4917-BCCC-3EEE4419747A}
	EndGlobalSection
EndGlobal
